
Microsoft Visual Studio Solution File, Format Version 12.00
# Visual Studio Version 17
VisualStudioVersion = 17.11.35219.272
MinimumVisualStudioVersion = 10.0.40219.1
Project("{FAE04EC0-301F-11D3-BF4B-00C04F79EFBC}") = "NonogramApp", "NonogramApp\NonogramApp.csproj", "{7CDEC5A1-987E-4738-BED6-C4B63AB28E48}"
EndProject
Global
	GlobalSection(SolutionConfigurationPlatforms) = preSolution
		Debug|Any CPU = Debug|Any CPU
		Release|Any CPU = Release|Any CPU
	EndGlobalSection
	GlobalSection(ProjectConfigurationPlatforms) = postSolution
		{7CDEC5A1-987E-4738-BED6-C4B63AB28E48}.Debug|Any CPU.ActiveCfg = Debug|Any CPU
		{7CDEC5A1-987E-4738-BED6-C4B63AB28E48}.Debug|Any CPU.Build.0 = Debug|Any CPU
		{7CDEC5A1-987E-4738-BED6-C4B63AB28E48}.Debug|Any CPU.Deploy.0 = Debug|Any CPU
		{7CDEC5A1-987E-4738-BED6-C4B63AB28E48}.Release|Any CPU.ActiveCfg = Release|Any CPU
		{7CDEC5A1-987E-4738-BED6-C4B63AB28E48}.Release|Any CPU.Build.0 = Release|Any CPU
		{7CDEC5A1-987E-4738-BED6-C4B63AB28E48}.Release|Any CPU.Deploy.0 = Release|Any CPU
	EndGlobalSection
	GlobalSection(SolutionProperties) = preSolution
		HideSolutionNode = FALSE
	EndGlobalSection
	GlobalSection(ExtensibilityGlobals) = postSolution
		SolutionGuid = {6ED51D5F-4CB6-4D4B-B769-A2D766A8AFE5}
	EndGlobalSection
EndGlobal
